
Microsoft Visual Studio Solution File, Format Version 11.00
# Visual Studio 2010
Project("{FAE04EC0-301F-11D3-BF4B-00C04F79EFBC}") = "FilesFinder2", "FilesFinder2\FilesFinder2.csproj", "{5CAAFDA2-FA3B-44A4-991B-8A5B95EB2178}"
EndProject
Project("{FAE04EC0-301F-11D3-BF4B-00C04F79EFBC}") = "WinterSync", "WinterSync\WinterSync.csproj", "{2E5F2D44-FDD4-4892-BD32-BA6F4EBF12D6}"
EndProject
Global
	GlobalSection(SolutionConfigurationPlatforms) = preSolution
		Debug|Any CPU = Debug|Any CPU
		Debug|Mixed Platforms = Debug|Mixed Platforms
		Debug|x86 = Debug|x86
		Release|Any CPU = Release|Any CPU
		Release|Mixed Platforms = Release|Mixed Platforms
		Release|x86 = Release|x86
	EndGlobalSection
	GlobalSection(ProjectConfigurationPlatforms) = postSolution
		{5CAAFDA2-FA3B-44A4-991B-8A5B95EB2178}.Debug|Any CPU.ActiveCfg = Debug|x86
		{5CAAFDA2-FA3B-44A4-991B-8A5B95EB2178}.Debug|Mixed Platforms.ActiveCfg = Debug|x86
		{5CAAFDA2-FA3B-44A4-991B-8A5B95EB2178}.Debug|Mixed Platforms.Build.0 = Debug|x86
		{5CAAFDA2-FA3B-44A4-991B-8A5B95EB2178}.Debug|x86.ActiveCfg = Debug|x86
		{5CAAFDA2-FA3B-44A4-991B-8A5B95EB2178}.Debug|x86.Build.0 = Debug|x86
		{5CAAFDA2-FA3B-44A4-991B-8A5B95EB2178}.Release|Any CPU.ActiveCfg = Release|x86
		{5CAAFDA2-FA3B-44A4-991B-8A5B95EB2178}.Release|Mixed Platforms.ActiveCfg = Release|x86
		{5CAAFDA2-FA3B-44A4-991B-8A5B95EB2178}.Release|Mixed Platforms.Build.0 = Release|x86
		{5CAAFDA2-FA3B-44A4-991B-8A5B95EB2178}.Release|x86.ActiveCfg = Release|x86
		{5CAAFDA2-FA3B-44A4-991B-8A5B95EB2178}.Release|x86.Build.0 = Release|x86
		{2E5F2D44-FDD4-4892-BD32-BA6F4EBF12D6}.Debug|Any CPU.ActiveCfg = Debug|Any CPU
		{2E5F2D44-FDD4-4892-BD32-BA6F4EBF12D6}.Debug|Any CPU.Build.0 = Debug|Any CPU
		{2E5F2D44-FDD4-4892-BD32-BA6F4EBF12D6}.Debug|Mixed Platforms.ActiveCfg = Debug|Any CPU
		{2E5F2D44-FDD4-4892-BD32-BA6F4EBF12D6}.Debug|Mixed Platforms.Build.0 = Debug|Any CPU
		{2E5F2D44-FDD4-4892-BD32-BA6F4EBF12D6}.Debug|x86.ActiveCfg = Debug|Any CPU
		{2E5F2D44-FDD4-4892-BD32-BA6F4EBF12D6}.Release|Any CPU.ActiveCfg = Release|Any CPU
		{2E5F2D44-FDD4-4892-BD32-BA6F4EBF12D6}.Release|Any CPU.Build.0 = Release|Any CPU
		{2E5F2D44-FDD4-4892-BD32-BA6F4EBF12D6}.Release|Mixed Platforms.ActiveCfg = Release|Any CPU
		{2E5F2D44-FDD4-4892-BD32-BA6F4EBF12D6}.Release|Mixed Platforms.Build.0 = Release|Any CPU
		{2E5F2D44-FDD4-4892-BD32-BA6F4EBF12D6}.Release|x86.ActiveCfg = Release|Any CPU
	EndGlobalSection
	GlobalSection(SolutionProperties) = preSolution
		HideSolutionNode = FALSE
	EndGlobalSection
EndGlobal
